
Microsoft Visual Studio Solution File, Format Version 12.00
# Visual Studio 15
VisualStudioVersion = 15.0.26430.13
MinimumVisualStudioVersion = 10.0.40219.1
Project("{FAE04EC0-301F-11D3-BF4B-00C04F79EFBC}") = "Isel.Pc.Lectures.Common", "Isel.Pc.Lectures.Common\Isel.Pc.Lectures.Common.csproj", "{F6CC7A4B-502A-49E0-85ED-2A3BB9CCC3CE}"
EndProject
Project("{FAE04EC0-301F-11D3-BF4B-00C04F79EFBC}") = "Isel.Pc.Lectures.Common.Tests", "Isel.Pc.Lectures.Common.Tests\Isel.Pc.Lectures.Common.Tests.csproj", "{ED6ED48C-FAC5-412E-8664-ADCC9E33564C}"
EndProject
Project("{FAE04EC0-301F-11D3-BF4B-00C04F79EFBC}") = "Isel.Pc.Lectures.Examples.Tests", "Isel.Pc.Lectures.Examples.Tests\Isel.Pc.Lectures.Examples.Tests.csproj", "{75DCFFE0-C4EA-474A-A03B-A4365EEAF87B}"
EndProject
Project("{FAE04EC0-301F-11D3-BF4B-00C04F79EFBC}") = "ThreadPool", "ThreadPool\ThreadPool.csproj", "{8B439FFE-9243-4B61-B63B-92C789D8A48A}"
EndProject
Project("{FAE04EC0-301F-11D3-BF4B-00C04F79EFBC}") = "ThreadPool.Samples", "ThreadPool.Samples\ThreadPool.Samples.csproj", "{F762E5AE-8A80-4C82-9473-13ECBF0A1431}"
EndProject
Global
	GlobalSection(SolutionConfigurationPlatforms) = preSolution
		Debug|Any CPU = Debug|Any CPU
		Release|Any CPU = Release|Any CPU
	EndGlobalSection
	GlobalSection(ProjectConfigurationPlatforms) = postSolution
		{F6CC7A4B-502A-49E0-85ED-2A3BB9CCC3CE}.Debug|Any CPU.ActiveCfg = Debug|Any CPU
		{F6CC7A4B-502A-49E0-85ED-2A3BB9CCC3CE}.Debug|Any CPU.Build.0 = Debug|Any CPU
		{F6CC7A4B-502A-49E0-85ED-2A3BB9CCC3CE}.Release|Any CPU.ActiveCfg = Release|Any CPU
		{F6CC7A4B-502A-49E0-85ED-2A3BB9CCC3CE}.Release|Any CPU.Build.0 = Release|Any CPU
		{ED6ED48C-FAC5-412E-8664-ADCC9E33564C}.Debug|Any CPU.ActiveCfg = Debug|Any CPU
		{ED6ED48C-FAC5-412E-8664-ADCC9E33564C}.Debug|Any CPU.Build.0 = Debug|Any CPU
		{ED6ED48C-FAC5-412E-8664-ADCC9E33564C}.Release|Any CPU.ActiveCfg = Release|Any CPU
		{ED6ED48C-FAC5-412E-8664-ADCC9E33564C}.Release|Any CPU.Build.0 = Release|Any CPU
		{75DCFFE0-C4EA-474A-A03B-A4365EEAF87B}.Debug|Any CPU.ActiveCfg = Debug|Any CPU
		{75DCFFE0-C4EA-474A-A03B-A4365EEAF87B}.Debug|Any CPU.Build.0 = Debug|Any CPU
		{75DCFFE0-C4EA-474A-A03B-A4365EEAF87B}.Release|Any CPU.ActiveCfg = Release|Any CPU
		{75DCFFE0-C4EA-474A-A03B-A4365EEAF87B}.Release|Any CPU.Build.0 = Release|Any CPU
		{8B439FFE-9243-4B61-B63B-92C789D8A48A}.Debug|Any CPU.ActiveCfg = Debug|Any CPU
		{8B439FFE-9243-4B61-B63B-92C789D8A48A}.Debug|Any CPU.Build.0 = Debug|Any CPU
		{8B439FFE-9243-4B61-B63B-92C789D8A48A}.Release|Any CPU.ActiveCfg = Release|Any CPU
		{8B439FFE-9243-4B61-B63B-92C789D8A48A}.Release|Any CPU.Build.0 = Release|Any CPU
		{F762E5AE-8A80-4C82-9473-13ECBF0A1431}.Debug|Any CPU.ActiveCfg = Debug|Any CPU
		{F762E5AE-8A80-4C82-9473-13ECBF0A1431}.Debug|Any CPU.Build.0 = Debug|Any CPU
		{F762E5AE-8A80-4C82-9473-13ECBF0A1431}.Release|Any CPU.ActiveCfg = Release|Any CPU
		{F762E5AE-8A80-4C82-9473-13ECBF0A1431}.Release|Any CPU.Build.0 = Release|Any CPU
	EndGlobalSection
	GlobalSection(SolutionProperties) = preSolution
		HideSolutionNode = FALSE
	EndGlobalSection
EndGlobal
